// !$*UTF8*$!
{
	archiveVersion = 1;
	classes = {
	};
	objectVersion = 46;
	objects = {

/* Begin PBXBuildFile section */
		8BA6B83617CE0E6200D90334 /* UIKit.framework in Frameworks */ = {isa = PBXBuildFile; fileRef = 8BA6B83517CE0E6200D90334 /* UIKit.framework */; };
		8BA6B83817CE0E6200D90334 /* Foundation.framework in Frameworks */ = {isa = PBXBuildFile; fileRef = 8BA6B83717CE0E6200D90334 /* Foundation.framework */; };
		8BA6B83A17CE0E6200D90334 /* CoreGraphics.framework in Frameworks */ = {isa = PBXBuildFile; fileRef = 8BA6B83917CE0E6200D90334 /* CoreGraphics.framework */; };
		8BA6B84017CE0E6200D90334 /* InfoPlist.strings in Resources */ = {isa = PBXBuildFile; fileRef = 8BA6B83E17CE0E6200D90334 /* InfoPlist.strings */; };
		8BA6B84217CE0E6200D90334 /* main.m in Sources */ = {isa = PBXBuildFile; fileRef = 8BA6B84117CE0E6200D90334 /* main.m */; };
		8BA6B84617CE0E6200D90334 /* AppDelegate.m in Sources */ = {isa = PBXBuildFile; fileRef = 8BA6B84517CE0E6200D90334 /* AppDelegate.m */; };
		8BA6B84817CE0E6200D90334 /* Default.png in Resources */ = {isa = PBXBuildFile; fileRef = 8BA6B84717CE0E6200D90334 /* Default.png */; };
		8BA6B84A17CE0E6200D90334 /* Default@2x.png in Resources */ = {isa = PBXBuildFile; fileRef = 8BA6B84917CE0E6200D90334 /* Default@2x.png */; };
		8BA6B84C17CE0E6200D90334 /* Default-568h@2x.png in Resources */ = {isa = PBXBuildFile; fileRef = 8BA6B84B17CE0E6200D90334 /* Default-568h@2x.png */; };
		8BA6B86D17CE0E8600D90334 /* HttpResponse.m in Sources */ = {isa = PBXBuildFile; fileRef = 8BA6B86C17CE0E8600D90334 /* HttpResponse.m */; };
		8BA6B87017CE0E9400D90334 /* HttpHeader.m in Sources */ = {isa = PBXBuildFile; fileRef = 8BA6B86F17CE0E9400D90334 /* HttpHeader.m */; };
		8BA6B87317CE0EA100D90334 /* NetworkHandler.m in Sources */ = {isa = PBXBuildFile; fileRef = 8BA6B87217CE0EA100D90334 /* NetworkHandler.m */; };
		8BA6B87617CE0F7800D90334 /* SampleUIViewController.m in Sources */ = {isa = PBXBuildFile; fileRef = 8BA6B87517CE0F7800D90334 /* SampleUIViewController.m */; };
		8BA6B8C217CEE46400D90334 /* libz.1.2.5.dylib in Frameworks */ = {isa = PBXBuildFile; fileRef = 8BA6B8C117CEE46400D90334 /* libz.1.2.5.dylib */; };
		8BA6B8C817CEF87400D90334 /* ca.crt in Resources */ = {isa = PBXBuildFile; fileRef = 8BA6B8C517CEF87400D90334 /* ca.crt */; };
		8BA6B8C917CEF87400D90334 /* client.crt in Resources */ = {isa = PBXBuildFile; fileRef = 8BA6B8C617CEF87400D90334 /* client.crt */; };
		8BA6B8CA17CEF87400D90334 /* client.key in Resources */ = {isa = PBXBuildFile; fileRef = 8BA6B8C717CEF87400D90334 /* client.key */; };
		8BC8175117D07CC2004E5CB3 /* TFHpple.m in Sources */ = {isa = PBXBuildFile; fileRef = 8BC8174917D07CB3004E5CB3 /* TFHpple.m */; };
		8BC8175217D07CC2004E5CB3 /* TFHppleElement.m in Sources */ = {isa = PBXBuildFile; fileRef = 8BC8174B17D07CB3004E5CB3 /* TFHppleElement.m */; };
		8BC8175317D07CC2004E5CB3 /* XPathQuery.m in Sources */ = {isa = PBXBuildFile; fileRef = 8BC8174D17D07CB3004E5CB3 /* XPathQuery.m */; };
		8BC8175517D07CDB004E5CB3 /* libxml2.dylib in Frameworks */ = {isa = PBXBuildFile; fileRef = 8BC8175417D07CDB004E5CB3 /* libxml2.dylib */; };
		8BC8175B17D43002004E5CB3 /* README.md in Resources */ = {isa = PBXBuildFile; fileRef = 8BC8175A17D43002004E5CB3 /* README.md */; };
		BF0A568119D5137E00E4FF6E /* libssdp.a in Frameworks */ = {isa = PBXBuildFile; fileRef = BF0A568019D5137E00E4FF6E /* libssdp.a */; };
		BF45CEA619D26794001115C6 /* libmosquitto.a in Frameworks */ = {isa = PBXBuildFile; fileRef = BF45CEA519D26794001115C6 /* libmosquitto.a */; };
		BF90425719D171AF00CA469A /* ASIAuthenticationDialog.m in Sources */ = {isa = PBXBuildFile; fileRef = BF90424419D171AF00CA469A /* ASIAuthenticationDialog.m */; settings = {COMPILER_FLAGS = "-fno-objc-arc"; }; };
		BF90425819D171AF00CA469A /* ASIDataCompressor.m in Sources */ = {isa = PBXBuildFile; fileRef = BF90424719D171AF00CA469A /* ASIDataCompressor.m */; settings = {COMPILER_FLAGS = "-fno-objc-arc"; }; };
		BF90425919D171AF00CA469A /* ASIDataDecompressor.m in Sources */ = {isa = PBXBuildFile; fileRef = BF90424919D171AF00CA469A /* ASIDataDecompressor.m */; settings = {COMPILER_FLAGS = "-fno-objc-arc"; }; };
		BF90425A19D171AF00CA469A /* ASIDownloadCache.m in Sources */ = {isa = PBXBuildFile; fileRef = BF90424B19D171AF00CA469A /* ASIDownloadCache.m */; settings = {COMPILER_FLAGS = "-fno-objc-arc"; }; };
		BF90425B19D171AF00CA469A /* ASIFormDataRequest.m in Sources */ = {isa = PBXBuildFile; fileRef = BF90424D19D171AF00CA469A /* ASIFormDataRequest.m */; settings = {COMPILER_FLAGS = "-fno-objc-arc"; }; };
		BF90425C19D171AF00CA469A /* ASIHTTPRequest.m in Sources */ = {isa = PBXBuildFile; fileRef = BF90424F19D171AF00CA469A /* ASIHTTPRequest.m */; settings = {COMPILER_FLAGS = "-fno-objc-arc"; }; };
		BF90425D19D171AF00CA469A /* ASIInputStream.m in Sources */ = {isa = PBXBuildFile; fileRef = BF90425319D171AF00CA469A /* ASIInputStream.m */; settings = {COMPILER_FLAGS = "-fno-objc-arc"; }; };
		BF90425E19D171AF00CA469A /* ASINetworkQueue.m in Sources */ = {isa = PBXBuildFile; fileRef = BF90425519D171AF00CA469A /* ASINetworkQueue.m */; settings = {COMPILER_FLAGS = "-fno-objc-arc"; }; };
		BF90426119D1720C00CA469A /* Utils.m in Sources */ = {isa = PBXBuildFile; fileRef = BF90426019D1720C00CA469A /* Utils.m */; };
		BF90426719D173EA00CA469A /* UIDevice+Identifier.m in Sources */ = {isa = PBXBuildFile; fileRef = BF90426419D173EA00CA469A /* UIDevice+Identifier.m */; };
		BF90426819D173EA00CA469A /* NSData+Base64.m in Sources */ = {isa = PBXBuildFile; fileRef = BF90426619D173EA00CA469A /* NSData+Base64.m */; };
		BF90426B19D174EA00CA469A /* Reachability.m in Sources */ = {isa = PBXBuildFile; fileRef = BF90426A19D174EA00CA469A /* Reachability.m */; };
		BF90426C19D1771500CA469A /* libcrypto.a in Frameworks */ = {isa = PBXBuildFile; fileRef = 8BA6B88017CEDC6300D90334 /* libcrypto.a */; };
		BF90426D19D1771500CA469A /* libssl.a in Frameworks */ = {isa = PBXBuildFile; fileRef = 8BA6B88117CEDC6300D90334 /* libssl.a */; };
		BF90426F19D1847C00CA469A /* CFNetwork.framework in Frameworks */ = {isa = PBXBuildFile; fileRef = BF90426E19D1847C00CA469A /* CFNetwork.framework */; };
		BF90427119D184A200CA469A /* SystemConfiguration.framework in Frameworks */ = {isa = PBXBuildFile; fileRef = BF90427019D184A200CA469A /* SystemConfiguration.framework */; };
		BF90427319D184E500CA469A /* Security.framework in Frameworks */ = {isa = PBXBuildFile; fileRef = BF90427219D184E500CA469A /* Security.framework */; };
		BF90427519D1850300CA469A /* MobileCoreServices.framework in Frameworks */ = {isa = PBXBuildFile; fileRef = BF90427419D1850300CA469A /* MobileCoreServices.framework */; };
/* End PBXBuildFile section */

/* Begin PBXFileReference section */
		8BA6B83217CE0E6200D90334 /* NetworkHandler.app */ = {isa = PBXFileReference; explicitFileType = wrapper.application; includeInIndex = 0; path = NetworkHandler.app; sourceTree = BUILT_PRODUCTS_DIR; };
		8BA6B83517CE0E6200D90334 /* UIKit.framework */ = {isa = PBXFileReference; lastKnownFileType = wrapper.framework; name = UIKit.framework; path = System/Library/Frameworks/UIKit.framework; sourceTree = SDKROOT; };
		8BA6B83717CE0E6200D90334 /* Foundation.framework */ = {isa = PBXFileReference; lastKnownFileType = wrapper.framework; name = Foundation.framework; path = System/Library/Frameworks/Foundation.framework; sourceTree = SDKROOT; };
		8BA6B83917CE0E6200D90334 /* CoreGraphics.framework */ = {isa = PBXFileReference; lastKnownFileType = wrapper.framework; name = CoreGraphics.framework; path = System/Library/Frameworks/CoreGraphics.framework; sourceTree = SDKROOT; };
		8BA6B83D17CE0E6200D90334 /* NetworkHandler-Info.plist */ = {isa = PBXFileReference; lastKnownFileType = text.plist.xml; path = "NetworkHandler-Info.plist"; sourceTree = "<group>"; };
		8BA6B83F17CE0E6200D90334 /* en */ = {isa = PBXFileReference; lastKnownFileType = text.plist.strings; name = en; path = en.lproj/InfoPlist.strings; sourceTree = "<group>"; };
		8BA6B84117CE0E6200D90334 /* main.m */ = {isa = PBXFileReference; lastKnownFileType = sourcecode.c.objc; path = main.m; sourceTree = "<group>"; };
		8BA6B84317CE0E6200D90334 /* NetworkHandler-Prefix.pch */ = {isa = PBXFileReference; lastKnownFileType = sourcecode.c.h; path = "NetworkHandler-Prefix.pch"; sourceTree = "<group>"; };
		8BA6B84417CE0E6200D90334 /* AppDelegate.h */ = {isa = PBXFileReference; lastKnownFileType = sourcecode.c.h; path = AppDelegate.h; sourceTree = "<group>"; };
		8BA6B84517CE0E6200D90334 /* AppDelegate.m */ = {isa = PBXFileReference; lastKnownFileType = sourcecode.c.objc; path = AppDelegate.m; sourceTree = "<group>"; };
		8BA6B84717CE0E6200D90334 /* Default.png */ = {isa = PBXFileReference; lastKnownFileType = image.png; path = Default.png; sourceTree = "<group>"; };
		8BA6B84917CE0E6200D90334 /* Default@2x.png */ = {isa = PBXFileReference; lastKnownFileType = image.png; path = "Default@2x.png"; sourceTree = "<group>"; };
		8BA6B84B17CE0E6200D90334 /* Default-568h@2x.png */ = {isa = PBXFileReference; lastKnownFileType = image.png; path = "Default-568h@2x.png"; sourceTree = "<group>"; };
		8BA6B85317CE0E6200D90334 /* SenTestingKit.framework */ = {isa = PBXFileReference; lastKnownFileType = wrapper.framework; name = SenTestingKit.framework; path = Library/Frameworks/SenTestingKit.framework; sourceTree = DEVELOPER_DIR; };
		8BA6B86B17CE0E8600D90334 /* HttpResponse.h */ = {isa = PBXFileReference; fileEncoding = 4; lastKnownFileType = sourcecode.c.h; path = HttpResponse.h; sourceTree = "<group>"; };
		8BA6B86C17CE0E8600D90334 /* HttpResponse.m */ = {isa = PBXFileReference; fileEncoding = 4; lastKnownFileType = sourcecode.c.objc; path = HttpResponse.m; sourceTree = "<group>"; };
		8BA6B86E17CE0E9400D90334 /* HttpHeader.h */ = {isa = PBXFileReference; fileEncoding = 4; lastKnownFileType = sourcecode.c.h; path = HttpHeader.h; sourceTree = "<group>"; };
		8BA6B86F17CE0E9400D90334 /* HttpHeader.m */ = {isa = PBXFileReference; fileEncoding = 4; lastKnownFileType = sourcecode.c.objc; path = HttpHeader.m; sourceTree = "<group>"; };
		8BA6B87117CE0EA100D90334 /* NetworkHandler.h */ = {isa = PBXFileReference; fileEncoding = 4; lastKnownFileType = sourcecode.c.h; path = NetworkHandler.h; sourceTree = "<group>"; };
		8BA6B87217CE0EA100D90334 /* NetworkHandler.m */ = {isa = PBXFileReference; fileEncoding = 4; lastKnownFileType = sourcecode.c.objc; path = NetworkHandler.m; sourceTree = "<group>"; };
		8BA6B87417CE0F7800D90334 /* SampleUIViewController.h */ = {isa = PBXFileReference; fileEncoding = 4; lastKnownFileType = sourcecode.c.h; path = SampleUIViewController.h; sourceTree = "<group>"; };
		8BA6B87517CE0F7800D90334 /* SampleUIViewController.m */ = {isa = PBXFileReference; fileEncoding = 4; lastKnownFileType = sourcecode.c.objc; path = SampleUIViewController.m; sourceTree = "<group>"; };
		8BA6B88017CEDC6300D90334 /* libcrypto.a */ = {isa = PBXFileReference; lastKnownFileType = archive.ar; path = libcrypto.a; sourceTree = "<group>"; };
		8BA6B88117CEDC6300D90334 /* libssl.a */ = {isa = PBXFileReference; lastKnownFileType = archive.ar; path = libssl.a; sourceTree = "<group>"; };
		8BA6B8C117CEE46400D90334 /* libz.1.2.5.dylib */ = {isa = PBXFileReference; lastKnownFileType = "compiled.mach-o.dylib"; name = libz.1.2.5.dylib; path = usr/lib/libz.1.2.5.dylib; sourceTree = SDKROOT; };
		8BA6B8C517CEF87400D90334 /* ca.crt */ = {isa = PBXFileReference; fileEncoding = 4; lastKnownFileType = text; name = ca.crt; path = keys/ca.crt; sourceTree = "<group>"; };
		8BA6B8C617CEF87400D90334 /* client.crt */ = {isa = PBXFileReference; fileEncoding = 4; lastKnownFileType = text; name = client.crt; path = keys/client.crt; sourceTree = "<group>"; };
		8BA6B8C717CEF87400D90334 /* client.key */ = {isa = PBXFileReference; fileEncoding = 4; lastKnownFileType = text; name = client.key; path = keys/client.key; sourceTree = "<group>"; };
		8BC8174817D07CB3004E5CB3 /* TFHpple.h */ = {isa = PBXFileReference; fileEncoding = 4; lastKnownFileType = sourcecode.c.h; path = TFHpple.h; sourceTree = "<group>"; };
		8BC8174917D07CB3004E5CB3 /* TFHpple.m */ = {isa = PBXFileReference; fileEncoding = 4; lastKnownFileType = sourcecode.c.objc; path = TFHpple.m; sourceTree = "<group>"; };
		8BC8174A17D07CB3004E5CB3 /* TFHppleElement.h */ = {isa = PBXFileReference; fileEncoding = 4; lastKnownFileType = sourcecode.c.h; path = TFHppleElement.h; sourceTree = "<group>"; };
		8BC8174B17D07CB3004E5CB3 /* TFHppleElement.m */ = {isa = PBXFileReference; fileEncoding = 4; lastKnownFileType = sourcecode.c.objc; path = TFHppleElement.m; sourceTree = "<group>"; };
		8BC8174C17D07CB3004E5CB3 /* XPathQuery.h */ = {isa = PBXFileReference; fileEncoding = 4; lastKnownFileType = sourcecode.c.h; path = XPathQuery.h; sourceTree = "<group>"; };
		8BC8174D17D07CB3004E5CB3 /* XPathQuery.m */ = {isa = PBXFileReference; fileEncoding = 4; lastKnownFileType = sourcecode.c.objc; path = XPathQuery.m; sourceTree = "<group>"; };
		8BC8175417D07CDB004E5CB3 /* libxml2.dylib */ = {isa = PBXFileReference; lastKnownFileType = "compiled.mach-o.dylib"; name = libxml2.dylib; path = usr/lib/libxml2.dylib; sourceTree = SDKROOT; };
		8BC8175A17D43002004E5CB3 /* README.md */ = {isa = PBXFileReference; fileEncoding = 4; lastKnownFileType = text; path = README.md; sourceTree = SOURCE_ROOT; };
		BF0A568019D5137E00E4FF6E /* libssdp.a */ = {isa = PBXFileReference; lastKnownFileType = archive.ar; path = libssdp.a; sourceTree = "<group>"; };
		BF0A568319D513B800E4FF6E /* GCDAsyncUdpSocket.h */ = {isa = PBXFileReference; fileEncoding = 4; lastKnownFileType = sourcecode.c.h; name = GCDAsyncUdpSocket.h; path = include/GCDAsyncUdpSocket.h; sourceTree = SOURCE_ROOT; };
		BF0A568419D513B800E4FF6E /* mosquitto.h */ = {isa = PBXFileReference; fileEncoding = 4; lastKnownFileType = sourcecode.c.h; name = mosquitto.h; path = include/mosquitto.h; sourceTree = SOURCE_ROOT; };
		BF0A568519D513B800E4FF6E /* MosquittoClient.h */ = {isa = PBXFileReference; fileEncoding = 4; lastKnownFileType = sourcecode.c.h; name = MosquittoClient.h; path = include/MosquittoClient.h; sourceTree = SOURCE_ROOT; };
		BF0A568619D513B800E4FF6E /* MosquittoMessage.h */ = {isa = PBXFileReference; fileEncoding = 4; lastKnownFileType = sourcecode.c.h; name = MosquittoMessage.h; path = include/MosquittoMessage.h; sourceTree = SOURCE_ROOT; };
		BF0A568819D513B800E4FF6E /* aes.h */ = {isa = PBXFileReference; fileEncoding = 4; lastKnownFileType = sourcecode.c.h; path = aes.h; sourceTree = "<group>"; };
		BF0A568919D513B800E4FF6E /* asn1.h */ = {isa = PBXFileReference; fileEncoding = 4; lastKnownFileType = sourcecode.c.h; path = asn1.h; sourceTree = "<group>"; };
		BF0A568A19D513B800E4FF6E /* asn1_mac.h */ = {isa = PBXFileReference; fileEncoding = 4; lastKnownFileType = sourcecode.c.h; path = asn1_mac.h; sourceTree = "<group>"; };
		BF0A568B19D513B800E4FF6E /* asn1t.h */ = {isa = PBXFileReference; fileEncoding = 4; lastKnownFileType = sourcecode.c.h; path = asn1t.h; sourceTree = "<group>"; };
		BF0A568C19D513B800E4FF6E /* bio.h */ = {isa = PBXFileReference; fileEncoding = 4; lastKnownFileType = sourcecode.c.h; path = bio.h; sourceTree = "<group>"; };
		BF0A568D19D513B800E4FF6E /* blowfish.h */ = {isa = PBXFileReference; fileEncoding = 4; lastKnownFileType = sourcecode.c.h; path = blowfish.h; sourceTree = "<group>"; };
		BF0A568E19D513B800E4FF6E /* bn.h */ = {isa = PBXFileReference; fileEncoding = 4; lastKnownFileType = sourcecode.c.h; path = bn.h; sourceTree = "<group>"; };
		BF0A568F19D513B800E4FF6E /* buffer.h */ = {isa = PBXFileReference; fileEncoding = 4; lastKnownFileType = sourcecode.c.h; path = buffer.h; sourceTree = "<group>"; };
		BF0A569019D513B800E4FF6E /* camellia.h */ = {isa = PBXFileReference; fileEncoding = 4; lastKnownFileType = sourcecode.c.h; path = camellia.h; sourceTree = "<group>"; };
		BF0A569119D513B800E4FF6E /* cast.h */ = {isa = PBXFileReference; fileEncoding = 4; lastKnownFileType = sourcecode.c.h; path = cast.h; sourceTree = "<group>"; };
		BF0A569219D513B800E4FF6E /* cmac.h */ = {isa = PBXFileReference; fileEncoding = 4; lastKnownFileType = sourcecode.c.h; path = cmac.h; sourceTree = "<group>"; };
		BF0A569319D513B800E4FF6E /* cms.h */ = {isa = PBXFileReference; fileEncoding = 4; lastKnownFileType = sourcecode.c.h; path = cms.h; sourceTree = "<group>"; };
		BF0A569419D513B800E4FF6E /* comp.h */ = {isa = PBXFileReference; fileEncoding = 4; lastKnownFileType = sourcecode.c.h; path = comp.h; sourceTree = "<group>"; };
		BF0A569519D513B800E4FF6E /* conf.h */ = {isa = PBXFileReference; fileEncoding = 4; lastKnownFileType = sourcecode.c.h; path = conf.h; sourceTree = "<group>"; };
		BF0A569619D513B800E4FF6E /* conf_api.h */ = {isa = PBXFileReference; fileEncoding = 4; lastKnownFileType = sourcecode.c.h; path = conf_api.h; sourceTree = "<group>"; };
		BF0A569719D513B800E4FF6E /* crypto.h */ = {isa = PBXFileReference; fileEncoding = 4; lastKnownFileType = sourcecode.c.h; path = crypto.h; sourceTree = "<group>"; };
		BF0A569819D513B800E4FF6E /* des.h */ = {isa = PBXFileReference; fileEncoding = 4; lastKnownFileType = sourcecode.c.h; path = des.h; sourceTree = "<group>"; };
		BF0A569919D513B800E4FF6E /* des_old.h */ = {isa = PBXFileReference; fileEncoding = 4; lastKnownFileType = sourcecode.c.h; path = des_old.h; sourceTree = "<group>"; };
		BF0A569A19D513B800E4FF6E /* dh.h */ = {isa = PBXFileReference; fileEncoding = 4; lastKnownFileType = sourcecode.c.h; path = dh.h; sourceTree = "<group>"; };
		BF0A569B19D513B800E4FF6E /* dsa.h */ = {isa = PBXFileReference; fileEncoding = 4; lastKnownFileType = sourcecode.c.h; path = dsa.h; sourceTree = "<group>"; };
		BF0A569C19D513B800E4FF6E /* dso.h */ = {isa = PBXFileReference; fileEncoding = 4; lastKnownFileType = sourcecode.c.h; path = dso.h; sourceTree = "<group>"; };
		BF0A569D19D513B800E4FF6E /* dtls1.h */ = {isa = PBXFileReference; fileEncoding = 4; lastKnownFileType = sourcecode.c.h; path = dtls1.h; sourceTree = "<group>"; };
		BF0A569E19D513B800E4FF6E /* e_os2.h */ = {isa = PBXFileReference; fileEncoding = 4; lastKnownFileType = sourcecode.c.h; path = e_os2.h; sourceTree = "<group>"; };
		BF0A569F19D513B800E4FF6E /* ebcdic.h */ = {isa = PBXFileReference; fileEncoding = 4; lastKnownFileType = sourcecode.c.h; path = ebcdic.h; sourceTree = "<group>"; };
		BF0A56A019D513B800E4FF6E /* ec.h */ = {isa = PBXFileReference; fileEncoding = 4; lastKnownFileType = sourcecode.c.h; path = ec.h; sourceTree = "<group>"; };
		BF0A56A119D513B800E4FF6E /* ecdh.h */ = {isa = PBXFileReference; fileEncoding = 4; lastKnownFileType = sourcecode.c.h; path = ecdh.h; sourceTree = "<group>"; };
		BF0A56A219D513B800E4FF6E /* ecdsa.h */ = {isa = PBXFileReference; fileEncoding = 4; lastKnownFileType = sourcecode.c.h; path = ecdsa.h; sourceTree = "<group>"; };
		BF0A56A319D513B800E4FF6E /* engine.h */ = {isa = PBXFileReference; fileEncoding = 4; lastKnownFileType = sourcecode.c.h; path = engine.h; sourceTree = "<group>"; };
		BF0A56A419D513B800E4FF6E /* err.h */ = {isa = PBXFileReference; fileEncoding = 4; lastKnownFileType = sourcecode.c.h; path = err.h; sourceTree = "<group>"; };
		BF0A56A519D513B800E4FF6E /* evp.h */ = {isa = PBXFileReference; fileEncoding = 4; lastKnownFileType = sourcecode.c.h; path = evp.h; sourceTree = "<group>"; };
		BF0A56A619D513B800E4FF6E /* hmac.h */ = {isa = PBXFileReference; fileEncoding = 4; lastKnownFileType = sourcecode.c.h; path = hmac.h; sourceTree = "<group>"; };
		BF0A56A719D513B800E4FF6E /* idea.h */ = {isa = PBXFileReference; fileEncoding = 4; lastKnownFileType = sourcecode.c.h; path = idea.h; sourceTree = "<group>"; };
		BF0A56A819D513B800E4FF6E /* krb5_asn.h */ = {isa = PBXFileReference; fileEncoding = 4; lastKnownFileType = sourcecode.c.h; path = krb5_asn.h; sourceTree = "<group>"; };
		BF0A56A919D513B800E4FF6E /* kssl.h */ = {isa = PBXFileReference; fileEncoding = 4; lastKnownFileType = sourcecode.c.h; path = kssl.h; sourceTree = "<group>"; };
		BF0A56AA19D513B800E4FF6E /* lhash.h */ = {isa = PBXFileReference; fileEncoding = 4; lastKnownFileType = sourcecode.c.h; path = lhash.h; sourceTree = "<group>"; };
		BF0A56AB19D513B800E4FF6E /* md4.h */ = {isa = PBXFileReference; fileEncoding = 4; lastKnownFileType = sourcecode.c.h; path = md4.h; sourceTree = "<group>"; };
		BF0A56AC19D513B800E4FF6E /* md5.h */ = {isa = PBXFileReference; fileEncoding = 4; lastKnownFileType = sourcecode.c.h; path = md5.h; sourceTree = "<group>"; };
		BF0A56AD19D513B800E4FF6E /* mdc2.h */ = {isa = PBXFileReference; fileEncoding = 4; lastKnownFileType = sourcecode.c.h; path = mdc2.h; sourceTree = "<group>"; };
		BF0A56AE19D513B800E4FF6E /* modes.h */ = {isa = PBXFileReference; fileEncoding = 4; lastKnownFileType = sourcecode.c.h; path = modes.h; sourceTree = "<group>"; };
		BF0A56AF19D513B800E4FF6E /* obj_mac.h */ = {isa = PBXFileReference; fileEncoding = 4; lastKnownFileType = sourcecode.c.h; path = obj_mac.h; sourceTree = "<group>"; };
		BF0A56B019D513B800E4FF6E /* objects.h */ = {isa = PBXFileReference; fileEncoding = 4; lastKnownFileType = sourcecode.c.h; path = objects.h; sourceTree = "<group>"; };
		BF0A56B119D513B800E4FF6E /* ocsp.h */ = {isa = PBXFileReference; fileEncoding = 4; lastKnownFileType = sourcecode.c.h; path = ocsp.h; sourceTree = "<group>"; };
		BF0A56B219D513B800E4FF6E /* opensslconf.h */ = {isa = PBXFileReference; fileEncoding = 4; lastKnownFileType = sourcecode.c.h; path = opensslconf.h; sourceTree = "<group>"; };
		BF0A56B319D513B800E4FF6E /* opensslv.h */ = {isa = PBXFileReference; fileEncoding = 4; lastKnownFileType = sourcecode.c.h; path = opensslv.h; sourceTree = "<group>"; };
		BF0A56B419D513B800E4FF6E /* ossl_typ.h */ = {isa = PBXFileReference; fileEncoding = 4; lastKnownFileType = sourcecode.c.h; path = ossl_typ.h; sourceTree = "<group>"; };
		BF0A56B519D513B800E4FF6E /* pem.h */ = {isa = PBXFileReference; fileEncoding = 4; lastKnownFileType = sourcecode.c.h; path = pem.h; sourceTree = "<group>"; };
		BF0A56B619D513B800E4FF6E /* pem2.h */ = {isa = PBXFileReference; fileEncoding = 4; lastKnownFileType = sourcecode.c.h; path = pem2.h; sourceTree = "<group>"; };
		BF0A56B719D513B800E4FF6E /* pkcs12.h */ = {isa = PBXFileReference; fileEncoding = 4; lastKnownFileType = sourcecode.c.h; path = pkcs12.h; sourceTree = "<group>"; };
		BF0A56B819D513B800E4FF6E /* pkcs7.h */ = {isa = PBXFileReference; fileEncoding = 4; lastKnownFileType = sourcecode.c.h; path = pkcs7.h; sourceTree = "<group>"; };
		BF0A56B919D513B800E4FF6E /* pqueue.h */ = {isa = PBXFileReference; fileEncoding = 4; lastKnownFileType = sourcecode.c.h; path = pqueue.h; sourceTree = "<group>"; };
		BF0A56BA19D513B800E4FF6E /* rand.h */ = {isa = PBXFileReference; fileEncoding = 4; lastKnownFileType = sourcecode.c.h; path = rand.h; sourceTree = "<group>"; };
		BF0A56BB19D513B800E4FF6E /* rc2.h */ = {isa = PBXFileReference; fileEncoding = 4; lastKnownFileType = sourcecode.c.h; path = rc2.h; sourceTree = "<group>"; };
		BF0A56BC19D513B800E4FF6E /* rc4.h */ = {isa = PBXFileReference; fileEncoding = 4; lastKnownFileType = sourcecode.c.h; path = rc4.h; sourceTree = "<group>"; };
		BF0A56BD19D513B800E4FF6E /* ripemd.h */ = {isa = PBXFileReference; fileEncoding = 4; lastKnownFileType = sourcecode.c.h; path = ripemd.h; sourceTree = "<group>"; };
		BF0A56BE19D513B800E4FF6E /* rsa.h */ = {isa = PBXFileReference; fileEncoding = 4; lastKnownFileType = sourcecode.c.h; path = rsa.h; sourceTree = "<group>"; };
		BF0A56BF19D513B800E4FF6E /* safestack.h */ = {isa = PBXFileReference; fileEncoding = 4; lastKnownFileType = sourcecode.c.h; path = safestack.h; sourceTree = "<group>"; };
		BF0A56C019D513B800E4FF6E /* seed.h */ = {isa = PBXFileReference; fileEncoding = 4; lastKnownFileType = sourcecode.c.h; path = seed.h; sourceTree = "<group>"; };
		BF0A56C119D513B800E4FF6E /* sha.h */ = {isa = PBXFileReference; fileEncoding = 4; lastKnownFileType = sourcecode.c.h; path = sha.h; sourceTree = "<group>"; };
		BF0A56C219D513B800E4FF6E /* srp.h */ = {isa = PBXFileReference; fileEncoding = 4; lastKnownFileType = sourcecode.c.h; path = srp.h; sourceTree = "<group>"; };
		BF0A56C319D513B800E4FF6E /* srtp.h */ = {isa = PBXFileReference; fileEncoding = 4; lastKnownFileType = sourcecode.c.h; path = srtp.h; sourceTree = "<group>"; };
		BF0A56C419D513B800E4FF6E /* ssl.h */ = {isa = PBXFileReference; fileEncoding = 4; lastKnownFileType = sourcecode.c.h; path = ssl.h; sourceTree = "<group>"; };
		BF0A56C519D513B800E4FF6E /* ssl2.h */ = {isa = PBXFileReference; fileEncoding = 4; lastKnownFileType = sourcecode.c.h; path = ssl2.h; sourceTree = "<group>"; };
		BF0A56C619D513B800E4FF6E /* ssl23.h */ = {isa = PBXFileReference; fileEncoding = 4; lastKnownFileType = sourcecode.c.h; path = ssl23.h; sourceTree = "<group>"; };
		BF0A56C719D513B800E4FF6E /* ssl3.h */ = {isa = PBXFileReference; fileEncoding = 4; lastKnownFileType = sourcecode.c.h; path = ssl3.h; sourceTree = "<group>"; };
		BF0A56C819D513B800E4FF6E /* stack.h */ = {isa = PBXFileReference; fileEncoding = 4; lastKnownFileType = sourcecode.c.h; path = stack.h; sourceTree = "<group>"; };
		BF0A56C919D513B800E4FF6E /* symhacks.h */ = {isa = PBXFileReference; fileEncoding = 4; lastKnownFileType = sourcecode.c.h; path = symhacks.h; sourceTree = "<group>"; };
		BF0A56CA19D513B800E4FF6E /* tls1.h */ = {isa = PBXFileReference; fileEncoding = 4; lastKnownFileType = sourcecode.c.h; path = tls1.h; sourceTree = "<group>"; };
		BF0A56CB19D513B800E4FF6E /* ts.h */ = {isa = PBXFileReference; fileEncoding = 4; lastKnownFileType = sourcecode.c.h; path = ts.h; sourceTree = "<group>"; };
		BF0A56CC19D513B800E4FF6E /* txt_db.h */ = {isa = PBXFileReference; fileEncoding = 4; lastKnownFileType = sourcecode.c.h; path = txt_db.h; sourceTree = "<group>"; };
		BF0A56CD19D513B800E4FF6E /* ui.h */ = {isa = PBXFileReference; fileEncoding = 4; lastKnownFileType = sourcecode.c.h; path = ui.h; sourceTree = "<group>"; };
		BF0A56CE19D513B800E4FF6E /* ui_compat.h */ = {isa = PBXFileReference; fileEncoding = 4; lastKnownFileType = sourcecode.c.h; path = ui_compat.h; sourceTree = "<group>"; };
		BF0A56CF19D513B800E4FF6E /* whrlpool.h */ = {isa = PBXFileReference; fileEncoding = 4; lastKnownFileType = sourcecode.c.h; path = whrlpool.h; sourceTree = "<group>"; };
		BF0A56D019D513B800E4FF6E /* x509.h */ = {isa = PBXFileReference; fileEncoding = 4; lastKnownFileType = sourcecode.c.h; path = x509.h; sourceTree = "<group>"; };
		BF0A56D119D513B800E4FF6E /* x509_vfy.h */ = {isa = PBXFileReference; fileEncoding = 4; lastKnownFileType = sourcecode.c.h; path = x509_vfy.h; sourceTree = "<group>"; };
		BF0A56D219D513B800E4FF6E /* x509v3.h */ = {isa = PBXFileReference; fileEncoding = 4; lastKnownFileType = sourcecode.c.h; path = x509v3.h; sourceTree = "<group>"; };
		BF0A56D319D513B800E4FF6E /* SSDPDevice.h */ = {isa = PBXFileReference; fileEncoding = 4; lastKnownFileType = sourcecode.c.h; name = SSDPDevice.h; path = include/SSDPDevice.h; sourceTree = SOURCE_ROOT; };
		BF0A56D419D513B800E4FF6E /* SSDPDeviceIcon.h */ = {isa = PBXFileReference; fileEncoding = 4; lastKnownFileType = sourcecode.c.h; name = SSDPDeviceIcon.h; path = include/SSDPDeviceIcon.h; sourceTree = SOURCE_ROOT; };
		BF0A56D519D513B800E4FF6E /* SSDPDeviceParser.h */ = {isa = PBXFileReference; fileEncoding = 4; lastKnownFileType = sourcecode.c.h; name = SSDPDeviceParser.h; path = include/SSDPDeviceParser.h; sourceTree = SOURCE_ROOT; };
		BF0A56D619D513B800E4FF6E /* SSDPDeviceService.h */ = {isa = PBXFileReference; fileEncoding = 4; lastKnownFileType = sourcecode.c.h; name = SSDPDeviceService.h; path = include/SSDPDeviceService.h; sourceTree = SOURCE_ROOT; };
		BF0A56D719D513B800E4FF6E /* SSDPSocket.h */ = {isa = PBXFileReference; fileEncoding = 4; lastKnownFileType = sourcecode.c.h; name = SSDPSocket.h; path = include/SSDPSocket.h; sourceTree = SOURCE_ROOT; };
		BF45CEA519D26794001115C6 /* libmosquitto.a */ = {isa = PBXFileReference; lastKnownFileType = archive.ar; path = libmosquitto.a; sourceTree = "<group>"; };
		BF90424319D171AF00CA469A /* ASIAuthenticationDialog.h */ = {isa = PBXFileReference; fileEncoding = 4; lastKnownFileType = sourcecode.c.h; path = ASIAuthenticationDialog.h; sourceTree = "<group>"; };
		BF90424419D171AF00CA469A /* ASIAuthenticationDialog.m */ = {isa = PBXFileReference; fileEncoding = 4; lastKnownFileType = sourcecode.c.objc; path = ASIAuthenticationDialog.m; sourceTree = "<group>"; };
		BF90424519D171AF00CA469A /* ASICacheDelegate.h */ = {isa = PBXFileReference; fileEncoding = 4; lastKnownFileType = sourcecode.c.h; path = ASICacheDelegate.h; sourceTree = "<group>"; };
		BF90424619D171AF00CA469A /* ASIDataCompressor.h */ = {isa = PBXFileReference; fileEncoding = 4; lastKnownFileType = sourcecode.c.h; path = ASIDataCompressor.h; sourceTree = "<group>"; };
		BF90424719D171AF00CA469A /* ASIDataCompressor.m */ = {isa = PBXFileReference; fileEncoding = 4; lastKnownFileType = sourcecode.c.objc; path = ASIDataCompressor.m; sourceTree = "<group>"; };
		BF90424819D171AF00CA469A /* ASIDataDecompressor.h */ = {isa = PBXFileReference; fileEncoding = 4; lastKnownFileType = sourcecode.c.h; path = ASIDataDecompressor.h; sourceTree = "<group>"; };
		BF90424919D171AF00CA469A /* ASIDataDecompressor.m */ = {isa = PBXFileReference; fileEncoding = 4; lastKnownFileType = sourcecode.c.objc; path = ASIDataDecompressor.m; sourceTree = "<group>"; };
		BF90424A19D171AF00CA469A /* ASIDownloadCache.h */ = {isa = PBXFileReference; fileEncoding = 4; lastKnownFileType = sourcecode.c.h; path = ASIDownloadCache.h; sourceTree = "<group>"; };
		BF90424B19D171AF00CA469A /* ASIDownloadCache.m */ = {isa = PBXFileReference; fileEncoding = 4; lastKnownFileType = sourcecode.c.objc; path = ASIDownloadCache.m; sourceTree = "<group>"; };
		BF90424C19D171AF00CA469A /* ASIFormDataRequest.h */ = {isa = PBXFileReference; fileEncoding = 4; lastKnownFileType = sourcecode.c.h; path = ASIFormDataRequest.h; sourceTree = "<group>"; };
		BF90424D19D171AF00CA469A /* ASIFormDataRequest.m */ = {isa = PBXFileReference; fileEncoding = 4; lastKnownFileType = sourcecode.c.objc; path = ASIFormDataRequest.m; sourceTree = "<group>"; };
		BF90424E19D171AF00CA469A /* ASIHTTPRequest.h */ = {isa = PBXFileReference; fileEncoding = 4; lastKnownFileType = sourcecode.c.h; path = ASIHTTPRequest.h; sourceTree = "<group>"; };
		BF90424F19D171AF00CA469A /* ASIHTTPRequest.m */ = {isa = PBXFileReference; fileEncoding = 4; lastKnownFileType = sourcecode.c.objc; path = ASIHTTPRequest.m; sourceTree = "<group>"; };
		BF90425019D171AF00CA469A /* ASIHTTPRequestConfig.h */ = {isa = PBXFileReference; fileEncoding = 4; lastKnownFileType = sourcecode.c.h; path = ASIHTTPRequestConfig.h; sourceTree = "<group>"; };
		BF90425119D171AF00CA469A /* ASIHTTPRequestDelegate.h */ = {isa = PBXFileReference; fileEncoding = 4; lastKnownFileType = sourcecode.c.h; path = ASIHTTPRequestDelegate.h; sourceTree = "<group>"; };
		BF90425219D171AF00CA469A /* ASIInputStream.h */ = {isa = PBXFileReference; fileEncoding = 4; lastKnownFileType = sourcecode.c.h; path = ASIInputStream.h; sourceTree = "<group>"; };
		BF90425319D171AF00CA469A /* ASIInputStream.m */ = {isa = PBXFileReference; fileEncoding = 4; lastKnownFileType = sourcecode.c.objc; path = ASIInputStream.m; sourceTree = "<group>"; };
		BF90425419D171AF00CA469A /* ASINetworkQueue.h */ = {isa = PBXFileReference; fileEncoding = 4; lastKnownFileType = sourcecode.c.h; path = ASINetworkQueue.h; sourceTree = "<group>"; };
		BF90425519D171AF00CA469A /* ASINetworkQueue.m */ = {isa = PBXFileReference; fileEncoding = 4; lastKnownFileType = sourcecode.c.objc; path = ASINetworkQueue.m; sourceTree = "<group>"; };
		BF90425619D171AF00CA469A /* ASIProgressDelegate.h */ = {isa = PBXFileReference; fileEncoding = 4; lastKnownFileType = sourcecode.c.h; path = ASIProgressDelegate.h; sourceTree = "<group>"; };
		BF90425F19D1720C00CA469A /* Utils.h */ = {isa = PBXFileReference; fileEncoding = 4; lastKnownFileType = sourcecode.c.h; path = Utils.h; sourceTree = "<group>"; };
		BF90426019D1720C00CA469A /* Utils.m */ = {isa = PBXFileReference; fileEncoding = 4; lastKnownFileType = sourcecode.c.objc; path = Utils.m; sourceTree = "<group>"; };
		BF90426319D173EA00CA469A /* UIDevice+Identifier.h */ = {isa = PBXFileReference; fileEncoding = 4; lastKnownFileType = sourcecode.c.h; path = "UIDevice+Identifier.h"; sourceTree = "<group>"; };
		BF90426419D173EA00CA469A /* UIDevice+Identifier.m */ = {isa = PBXFileReference; fileEncoding = 4; lastKnownFileType = sourcecode.c.objc; path = "UIDevice+Identifier.m"; sourceTree = "<group>"; };
		BF90426519D173EA00CA469A /* NSData+Base64.h */ = {isa = PBXFileReference; fileEncoding = 4; lastKnownFileType = sourcecode.c.h; path = "NSData+Base64.h"; sourceTree = "<group>"; };
		BF90426619D173EA00CA469A /* NSData+Base64.m */ = {isa = PBXFileReference; fileEncoding = 4; lastKnownFileType = sourcecode.c.objc; path = "NSData+Base64.m"; sourceTree = "<group>"; };
		BF90426919D174EA00CA469A /* Reachability.h */ = {isa = PBXFileReference; fileEncoding = 4; lastKnownFileType = sourcecode.c.h; path = Reachability.h; sourceTree = "<group>"; };
		BF90426A19D174EA00CA469A /* Reachability.m */ = {isa = PBXFileReference; fileEncoding = 4; lastKnownFileType = sourcecode.c.objc; path = Reachability.m; sourceTree = "<group>"; };
		BF90426E19D1847C00CA469A /* CFNetwork.framework */ = {isa = PBXFileReference; lastKnownFileType = wrapper.framework; name = CFNetwork.framework; path = System/Library/Frameworks/CFNetwork.framework; sourceTree = SDKROOT; };
		BF90427019D184A200CA469A /* SystemConfiguration.framework */ = {isa = PBXFileReference; lastKnownFileType = wrapper.framework; name = SystemConfiguration.framework; path = System/Library/Frameworks/SystemConfiguration.framework; sourceTree = SDKROOT; };
		BF90427219D184E500CA469A /* Security.framework */ = {isa = PBXFileReference; lastKnownFileType = wrapper.framework; name = Security.framework; path = System/Library/Frameworks/Security.framework; sourceTree = SDKROOT; };
		BF90427419D1850300CA469A /* MobileCoreServices.framework */ = {isa = PBXFileReference; lastKnownFileType = wrapper.framework; name = MobileCoreServices.framework; path = System/Library/Frameworks/MobileCoreServices.framework; sourceTree = SDKROOT; };
/* End PBXFileReference section */

/* Begin PBXFrameworksBuildPhase section */
		8BA6B82F17CE0E6200D90334 /* Frameworks */ = {
			isa = PBXFrameworksBuildPhase;
			buildActionMask = 2147483647;
			files = (
				BF0A568119D5137E00E4FF6E /* libssdp.a in Frameworks */,
				BF45CEA619D26794001115C6 /* libmosquitto.a in Frameworks */,
				BF90427519D1850300CA469A /* MobileCoreServices.framework in Frameworks */,
				BF90427319D184E500CA469A /* Security.framework in Frameworks */,
				BF90427119D184A200CA469A /* SystemConfiguration.framework in Frameworks */,
				BF90426F19D1847C00CA469A /* CFNetwork.framework in Frameworks */,
				BF90426C19D1771500CA469A /* libcrypto.a in Frameworks */,
				BF90426D19D1771500CA469A /* libssl.a in Frameworks */,
				8BC8175517D07CDB004E5CB3 /* libxml2.dylib in Frameworks */,
				8BA6B8C217CEE46400D90334 /* libz.1.2.5.dylib in Frameworks */,
				8BA6B83617CE0E6200D90334 /* UIKit.framework in Frameworks */,
				8BA6B83817CE0E6200D90334 /* Foundation.framework in Frameworks */,
				8BA6B83A17CE0E6200D90334 /* CoreGraphics.framework in Frameworks */,
			);
			runOnlyForDeploymentPostprocessing = 0;
		};
/* End PBXFrameworksBuildPhase section */

/* Begin PBXGroup section */
		8BA6B82917CE0E6200D90334 = {
			isa = PBXGroup;
			children = (
				8BA6B83B17CE0E6200D90334 /* NetworkHandler */,
				8BA6B83417CE0E6200D90334 /* Frameworks */,
				8BA6B83317CE0E6200D90334 /* Products */,
			);
			sourceTree = "<group>";
		};
		8BA6B83317CE0E6200D90334 /* Products */ = {
			isa = PBXGroup;
			children = (
				8BA6B83217CE0E6200D90334 /* NetworkHandler.app */,
			);
			name = Products;
			sourceTree = "<group>";
		};
		8BA6B83417CE0E6200D90334 /* Frameworks */ = {
			isa = PBXGroup;
			children = (
				BF0A568019D5137E00E4FF6E /* libssdp.a */,
				BF45CEA519D26794001115C6 /* libmosquitto.a */,
				BF90427419D1850300CA469A /* MobileCoreServices.framework */,
				BF90427219D184E500CA469A /* Security.framework */,
				BF90427019D184A200CA469A /* SystemConfiguration.framework */,
				BF90426E19D1847C00CA469A /* CFNetwork.framework */,
				8BA6B8C117CEE46400D90334 /* libz.1.2.5.dylib */,
				8BC8175417D07CDB004E5CB3 /* libxml2.dylib */,
				8BA6B88017CEDC6300D90334 /* libcrypto.a */,
				8BA6B88117CEDC6300D90334 /* libssl.a */,
				8BA6B83517CE0E6200D90334 /* UIKit.framework */,
				8BA6B83717CE0E6200D90334 /* Foundation.framework */,
				8BA6B83917CE0E6200D90334 /* CoreGraphics.framework */,
				8BA6B85317CE0E6200D90334 /* SenTestingKit.framework */,
			);
			name = Frameworks;
			sourceTree = "<group>";
		};
		8BA6B83B17CE0E6200D90334 /* NetworkHandler */ = {
			isa = PBXGroup;
			children = (
				BF0A568219D513A900E4FF6E /* include */,
				BF90426219D173CD00CA469A /* utils */,
				8BC8174717D07C70004E5CB3 /* hpple */,
				8BA6B87717CEDB5400D90334 /* mqtt */,
				8BA6B86A17CE0E6F00D90334 /* network */,
				8BA6B84417CE0E6200D90334 /* AppDelegate.h */,
				8BA6B84517CE0E6200D90334 /* AppDelegate.m */,
				8BA6B87417CE0F7800D90334 /* SampleUIViewController.h */,
				8BA6B87517CE0F7800D90334 /* SampleUIViewController.m */,
				8BA6B83C17CE0E6200D90334 /* Supporting Files */,
			);
			path = NetworkHandler;
			sourceTree = "<group>";
		};
		8BA6B83C17CE0E6200D90334 /* Supporting Files */ = {
			isa = PBXGroup;
			children = (
				8BC8175A17D43002004E5CB3 /* README.md */,
				8BA6B83D17CE0E6200D90334 /* NetworkHandler-Info.plist */,
				8BA6B83E17CE0E6200D90334 /* InfoPlist.strings */,
				8BA6B84117CE0E6200D90334 /* main.m */,
				8BA6B84317CE0E6200D90334 /* NetworkHandler-Prefix.pch */,
				8BA6B84717CE0E6200D90334 /* Default.png */,
				8BA6B84917CE0E6200D90334 /* Default@2x.png */,
				8BA6B84B17CE0E6200D90334 /* Default-568h@2x.png */,
			);
			name = "Supporting Files";
			sourceTree = "<group>";
		};
		8BA6B86A17CE0E6F00D90334 /* network */ = {
			isa = PBXGroup;
			children = (
				BF90424219D1719C00CA469A /* ASIHttpRequest */,
				BF90426919D174EA00CA469A /* Reachability.h */,
				BF90426A19D174EA00CA469A /* Reachability.m */,
				8BA6B86B17CE0E8600D90334 /* HttpResponse.h */,
				8BA6B86C17CE0E8600D90334 /* HttpResponse.m */,
				8BA6B86E17CE0E9400D90334 /* HttpHeader.h */,
				8BA6B86F17CE0E9400D90334 /* HttpHeader.m */,
				8BA6B87117CE0EA100D90334 /* NetworkHandler.h */,
				8BA6B87217CE0EA100D90334 /* NetworkHandler.m */,
			);
			name = network;
			sourceTree = "<group>";
		};
		8BA6B87717CEDB5400D90334 /* mqtt */ = {
			isa = PBXGroup;
			children = (
				8BA6B8C417CEF86800D90334 /* keys */,
			);
			name = mqtt;
			sourceTree = "<group>";
		};
		8BA6B8C417CEF86800D90334 /* keys */ = {
			isa = PBXGroup;
			children = (
				8BA6B8C517CEF87400D90334 /* ca.crt */,
				8BA6B8C617CEF87400D90334 /* client.crt */,
				8BA6B8C717CEF87400D90334 /* client.key */,
			);
			name = keys;
			sourceTree = "<group>";
		};
		8BC8174717D07C70004E5CB3 /* hpple */ = {
			isa = PBXGroup;
			children = (
				8BC8174817D07CB3004E5CB3 /* TFHpple.h */,
				8BC8174917D07CB3004E5CB3 /* TFHpple.m */,
				8BC8174A17D07CB3004E5CB3 /* TFHppleElement.h */,
				8BC8174B17D07CB3004E5CB3 /* TFHppleElement.m */,
				8BC8174C17D07CB3004E5CB3 /* XPathQuery.h */,
				8BC8174D17D07CB3004E5CB3 /* XPathQuery.m */,
			);
			name = hpple;
			sourceTree = "<group>";
		};
		BF0A568219D513A900E4FF6E /* include */ = {
			isa = PBXGroup;
			children = (
				BF0A568319D513B800E4FF6E /* GCDAsyncUdpSocket.h */,
				BF0A568419D513B800E4FF6E /* mosquitto.h */,
				BF0A568519D513B800E4FF6E /* MosquittoClient.h */,
				BF0A568619D513B800E4FF6E /* MosquittoMessage.h */,
				BF0A568719D513B800E4FF6E /* openssl */,
				BF0A56D319D513B800E4FF6E /* SSDPDevice.h */,
				BF0A56D419D513B800E4FF6E /* SSDPDeviceIcon.h */,
				BF0A56D519D513B800E4FF6E /* SSDPDeviceParser.h */,
				BF0A56D619D513B800E4FF6E /* SSDPDeviceService.h */,
				BF0A56D719D513B800E4FF6E /* SSDPSocket.h */,
			);
			name = include;
			sourceTree = "<group>";
		};
		BF0A568719D513B800E4FF6E /* openssl */ = {
			isa = PBXGroup;
			children = (
				BF0A568819D513B800E4FF6E /* aes.h */,
				BF0A568919D513B800E4FF6E /* asn1.h */,
				BF0A568A19D513B800E4FF6E /* asn1_mac.h */,
				BF0A568B19D513B800E4FF6E /* asn1t.h */,
				BF0A568C19D513B800E4FF6E /* bio.h */,
				BF0A568D19D513B800E4FF6E /* blowfish.h */,
				BF0A568E19D513B800E4FF6E /* bn.h */,
				BF0A568F19D513B800E4FF6E /* buffer.h */,
				BF0A569019D513B800E4FF6E /* camellia.h */,
				BF0A569119D513B800E4FF6E /* cast.h */,
				BF0A569219D513B800E4FF6E /* cmac.h */,
				BF0A569319D513B800E4FF6E /* cms.h */,
				BF0A569419D513B800E4FF6E /* comp.h */,
				BF0A569519D513B800E4FF6E /* conf.h */,
				BF0A569619D513B800E4FF6E /* conf_api.h */,
				BF0A569719D513B800E4FF6E /* crypto.h */,
				BF0A569819D513B800E4FF6E /* des.h */,
				BF0A569919D513B800E4FF6E /* des_old.h */,
				BF0A569A19D513B800E4FF6E /* dh.h */,
				BF0A569B19D513B800E4FF6E /* dsa.h */,
				BF0A569C19D513B800E4FF6E /* dso.h */,
				BF0A569D19D513B800E4FF6E /* dtls1.h */,
				BF0A569E19D513B800E4FF6E /* e_os2.h */,
				BF0A569F19D513B800E4FF6E /* ebcdic.h */,
				BF0A56A019D513B800E4FF6E /* ec.h */,
				BF0A56A119D513B800E4FF6E /* ecdh.h */,
				BF0A56A219D513B800E4FF6E /* ecdsa.h */,
				BF0A56A319D513B800E4FF6E /* engine.h */,
				BF0A56A419D513B800E4FF6E /* err.h */,
				BF0A56A519D513B800E4FF6E /* evp.h */,
				BF0A56A619D513B800E4FF6E /* hmac.h */,
				BF0A56A719D513B800E4FF6E /* idea.h */,
				BF0A56A819D513B800E4FF6E /* krb5_asn.h */,
				BF0A56A919D513B800E4FF6E /* kssl.h */,
				BF0A56AA19D513B800E4FF6E /* lhash.h */,
				BF0A56AB19D513B800E4FF6E /* md4.h */,
				BF0A56AC19D513B800E4FF6E /* md5.h */,
				BF0A56AD19D513B800E4FF6E /* mdc2.h */,
				BF0A56AE19D513B800E4FF6E /* modes.h */,
				BF0A56AF19D513B800E4FF6E /* obj_mac.h */,
				BF0A56B019D513B800E4FF6E /* objects.h */,
				BF0A56B119D513B800E4FF6E /* ocsp.h */,
				BF0A56B219D513B800E4FF6E /* opensslconf.h */,
				BF0A56B319D513B800E4FF6E /* opensslv.h */,
				BF0A56B419D513B800E4FF6E /* ossl_typ.h */,
				BF0A56B519D513B800E4FF6E /* pem.h */,
				BF0A56B619D513B800E4FF6E /* pem2.h */,
				BF0A56B719D513B800E4FF6E /* pkcs12.h */,
				BF0A56B819D513B800E4FF6E /* pkcs7.h */,
				BF0A56B919D513B800E4FF6E /* pqueue.h */,
				BF0A56BA19D513B800E4FF6E /* rand.h */,
				BF0A56BB19D513B800E4FF6E /* rc2.h */,
				BF0A56BC19D513B800E4FF6E /* rc4.h */,
				BF0A56BD19D513B800E4FF6E /* ripemd.h */,
				BF0A56BE19D513B800E4FF6E /* rsa.h */,
				BF0A56BF19D513B800E4FF6E /* safestack.h */,
				BF0A56C019D513B800E4FF6E /* seed.h */,
				BF0A56C119D513B800E4FF6E /* sha.h */,
				BF0A56C219D513B800E4FF6E /* srp.h */,
				BF0A56C319D513B800E4FF6E /* srtp.h */,
				BF0A56C419D513B800E4FF6E /* ssl.h */,
				BF0A56C519D513B800E4FF6E /* ssl2.h */,
				BF0A56C619D513B800E4FF6E /* ssl23.h */,
				BF0A56C719D513B800E4FF6E /* ssl3.h */,
				BF0A56C819D513B800E4FF6E /* stack.h */,
				BF0A56C919D513B800E4FF6E /* symhacks.h */,
				BF0A56CA19D513B800E4FF6E /* tls1.h */,
				BF0A56CB19D513B800E4FF6E /* ts.h */,
				BF0A56CC19D513B800E4FF6E /* txt_db.h */,
				BF0A56CD19D513B800E4FF6E /* ui.h */,
				BF0A56CE19D513B800E4FF6E /* ui_compat.h */,
				BF0A56CF19D513B800E4FF6E /* whrlpool.h */,
				BF0A56D019D513B800E4FF6E /* x509.h */,
				BF0A56D119D513B800E4FF6E /* x509_vfy.h */,
				BF0A56D219D513B800E4FF6E /* x509v3.h */,
			);
			name = openssl;
			path = include/openssl;
			sourceTree = SOURCE_ROOT;
		};
		BF90424219D1719C00CA469A /* ASIHttpRequest */ = {
			isa = PBXGroup;
			children = (
				BF90424319D171AF00CA469A /* ASIAuthenticationDialog.h */,
				BF90424419D171AF00CA469A /* ASIAuthenticationDialog.m */,
				BF90424519D171AF00CA469A /* ASICacheDelegate.h */,
				BF90424619D171AF00CA469A /* ASIDataCompressor.h */,
				BF90424719D171AF00CA469A /* ASIDataCompressor.m */,
				BF90424819D171AF00CA469A /* ASIDataDecompressor.h */,
				BF90424919D171AF00CA469A /* ASIDataDecompressor.m */,
				BF90424A19D171AF00CA469A /* ASIDownloadCache.h */,
				BF90424B19D171AF00CA469A /* ASIDownloadCache.m */,
				BF90424C19D171AF00CA469A /* ASIFormDataRequest.h */,
				BF90424D19D171AF00CA469A /* ASIFormDataRequest.m */,
				BF90424E19D171AF00CA469A /* ASIHTTPRequest.h */,
				BF90424F19D171AF00CA469A /* ASIHTTPRequest.m */,
				BF90425019D171AF00CA469A /* ASIHTTPRequestConfig.h */,
				BF90425119D171AF00CA469A /* ASIHTTPRequestDelegate.h */,
				BF90425219D171AF00CA469A /* ASIInputStream.h */,
				BF90425319D171AF00CA469A /* ASIInputStream.m */,
				BF90425419D171AF00CA469A /* ASINetworkQueue.h */,
				BF90425519D171AF00CA469A /* ASINetworkQueue.m */,
				BF90425619D171AF00CA469A /* ASIProgressDelegate.h */,
			);
			name = ASIHttpRequest;
			sourceTree = "<group>";
		};
		BF90426219D173CD00CA469A /* utils */ = {
			isa = PBXGroup;
			children = (
				BF90426319D173EA00CA469A /* UIDevice+Identifier.h */,
				BF90426419D173EA00CA469A /* UIDevice+Identifier.m */,
				BF90426519D173EA00CA469A /* NSData+Base64.h */,
				BF90426619D173EA00CA469A /* NSData+Base64.m */,
				BF90425F19D1720C00CA469A /* Utils.h */,
				BF90426019D1720C00CA469A /* Utils.m */,
			);
			name = utils;
			sourceTree = "<group>";
		};
/* End PBXGroup section */

/* Begin PBXNativeTarget section */
		8BA6B83117CE0E6200D90334 /* NetworkHandler */ = {
			isa = PBXNativeTarget;
			buildConfigurationList = 8BA6B86417CE0E6200D90334 /* Build configuration list for PBXNativeTarget "NetworkHandler" */;
			buildPhases = (
				8BA6B82E17CE0E6200D90334 /* Sources */,
				8BA6B82F17CE0E6200D90334 /* Frameworks */,
				8BA6B83017CE0E6200D90334 /* Resources */,
			);
			buildRules = (
			);
			dependencies = (
			);
			name = NetworkHandler;
			productName = NetworkHandler;
			productReference = 8BA6B83217CE0E6200D90334 /* NetworkHandler.app */;
			productType = "com.apple.product-type.application";
		};
/* End PBXNativeTarget section */

/* Begin PBXProject section */
		8BA6B82A17CE0E6200D90334 /* Project object */ = {
			isa = PBXProject;
			attributes = {
				LastUpgradeCheck = 0460;
				ORGANIZATIONNAME = "Sam Wang";
				TargetAttributes = {
					8BA6B83117CE0E6200D90334 = {
						DevelopmentTeam = VFEC6728B4;
					};
				};
			};
			buildConfigurationList = 8BA6B82D17CE0E6200D90334 /* Build configuration list for PBXProject "NetworkHandler" */;
			compatibilityVersion = "Xcode 3.2";
			developmentRegion = English;
			hasScannedForEncodings = 0;
			knownRegions = (
				en,
			);
			mainGroup = 8BA6B82917CE0E6200D90334;
			productRefGroup = 8BA6B83317CE0E6200D90334 /* Products */;
			projectDirPath = "";
			projectRoot = "";
			targets = (
				8BA6B83117CE0E6200D90334 /* NetworkHandler */,
			);
		};
/* End PBXProject section */

/* Begin PBXResourcesBuildPhase section */
		8BA6B83017CE0E6200D90334 /* Resources */ = {
			isa = PBXResourcesBuildPhase;
			buildActionMask = 2147483647;
			files = (
				8BA6B84017CE0E6200D90334 /* InfoPlist.strings in Resources */,
				8BA6B84817CE0E6200D90334 /* Default.png in Resources */,
				8BA6B84A17CE0E6200D90334 /* Default@2x.png in Resources */,
				8BA6B84C17CE0E6200D90334 /* Default-568h@2x.png in Resources */,
				8BA6B8C817CEF87400D90334 /* ca.crt in Resources */,
				8BA6B8C917CEF87400D90334 /* client.crt in Resources */,
				8BA6B8CA17CEF87400D90334 /* client.key in Resources */,
				8BC8175B17D43002004E5CB3 /* README.md in Resources */,
			);
			runOnlyForDeploymentPostprocessing = 0;
		};
/* End PBXResourcesBuildPhase section */

/* Begin PBXSourcesBuildPhase section */
		8BA6B82E17CE0E6200D90334 /* Sources */ = {
			isa = PBXSourcesBuildPhase;
			buildActionMask = 2147483647;
			files = (
				8BC8175117D07CC2004E5CB3 /* TFHpple.m in Sources */,
				BF90425A19D171AF00CA469A /* ASIDownloadCache.m in Sources */,
				BF90425719D171AF00CA469A /* ASIAuthenticationDialog.m in Sources */,
				BF90426719D173EA00CA469A /* UIDevice+Identifier.m in Sources */,
				BF90425E19D171AF00CA469A /* ASINetworkQueue.m in Sources */,
				BF90425C19D171AF00CA469A /* ASIHTTPRequest.m in Sources */,
				BF90425919D171AF00CA469A /* ASIDataDecompressor.m in Sources */,
				BF90426119D1720C00CA469A /* Utils.m in Sources */,
				8BC8175217D07CC2004E5CB3 /* TFHppleElement.m in Sources */,
				8BC8175317D07CC2004E5CB3 /* XPathQuery.m in Sources */,
				BF90426819D173EA00CA469A /* NSData+Base64.m in Sources */,
				8BA6B84217CE0E6200D90334 /* main.m in Sources */,
				8BA6B84617CE0E6200D90334 /* AppDelegate.m in Sources */,
				BF90426B19D174EA00CA469A /* Reachability.m in Sources */,
				8BA6B86D17CE0E8600D90334 /* HttpResponse.m in Sources */,
				BF90425D19D171AF00CA469A /* ASIInputStream.m in Sources */,
				8BA6B87017CE0E9400D90334 /* HttpHeader.m in Sources */,
				8BA6B87317CE0EA100D90334 /* NetworkHandler.m in Sources */,
				8BA6B87617CE0F7800D90334 /* SampleUIViewController.m in Sources */,
				BF90425B19D171AF00CA469A /* ASIFormDataRequest.m in Sources */,
				BF90425819D171AF00CA469A /* ASIDataCompressor.m in Sources */,
			);
			runOnlyForDeploymentPostprocessing = 0;
		};
/* End PBXSourcesBuildPhase section */

/* Begin PBXVariantGroup section */
		8BA6B83E17CE0E6200D90334 /* InfoPlist.strings */ = {
			isa = PBXVariantGroup;
			children = (
				8BA6B83F17CE0E6200D90334 /* en */,
			);
			name = InfoPlist.strings;
			sourceTree = "<group>";
		};
/* End PBXVariantGroup section */

/* Begin XCBuildConfiguration section */
		8BA6B86217CE0E6200D90334 /* Debug */ = {
			isa = XCBuildConfiguration;
			buildSettings = {
				ALWAYS_SEARCH_USER_PATHS = NO;
				CLANG_CXX_LANGUAGE_STANDARD = "gnu++0x";
				CLANG_CXX_LIBRARY = "libc++";
				CLANG_ENABLE_OBJC_ARC = YES;
				CLANG_WARN_CONSTANT_CONVERSION = YES;
				CLANG_WARN_EMPTY_BODY = YES;
				CLANG_WARN_ENUM_CONVERSION = YES;
				CLANG_WARN_INT_CONVERSION = YES;
				CLANG_WARN__DUPLICATE_METHOD_MATCH = YES;
				"CODE_SIGN_IDENTITY[sdk=iphoneos*]" = "iPhone Developer";
				COPY_PHASE_STRIP = NO;
				GCC_C_LANGUAGE_STANDARD = gnu99;
				GCC_DYNAMIC_NO_PIC = NO;
				GCC_OPTIMIZATION_LEVEL = 0;
				GCC_PREPROCESSOR_DEFINITIONS = (
					"DEBUG=1",
					"$(inherited)",
				);
				GCC_SYMBOLS_PRIVATE_EXTERN = NO;
				GCC_WARN_ABOUT_RETURN_TYPE = YES;
				GCC_WARN_UNINITIALIZED_AUTOS = YES;
				GCC_WARN_UNUSED_VARIABLE = YES;
				HEADER_SEARCH_PATHS = "${SDKROOT}/usr/include/libxml2/**";
				IPHONEOS_DEPLOYMENT_TARGET = 6.1;
				ONLY_ACTIVE_ARCH = NO;
				SDKROOT = iphoneos;
				TARGETED_DEVICE_FAMILY = "1,2";
			};
			name = Debug;
		};
		8BA6B86317CE0E6200D90334 /* Release */ = {
			isa = XCBuildConfiguration;
			buildSettings = {
				ALWAYS_SEARCH_USER_PATHS = NO;
				CLANG_CXX_LANGUAGE_STANDARD = "gnu++0x";
				CLANG_CXX_LIBRARY = "libc++";
				CLANG_ENABLE_OBJC_ARC = YES;
				CLANG_WARN_CONSTANT_CONVERSION = YES;
				CLANG_WARN_EMPTY_BODY = YES;
				CLANG_WARN_ENUM_CONVERSION = YES;
				CLANG_WARN_INT_CONVERSION = YES;
				CLANG_WARN__DUPLICATE_METHOD_MATCH = YES;
				"CODE_SIGN_IDENTITY[sdk=iphoneos*]" = "iPhone Developer";
				COPY_PHASE_STRIP = YES;
				GCC_C_LANGUAGE_STANDARD = gnu99;
				GCC_WARN_ABOUT_RETURN_TYPE = YES;
				GCC_WARN_UNINITIALIZED_AUTOS = YES;
				GCC_WARN_UNUSED_VARIABLE = YES;
				HEADER_SEARCH_PATHS = "${SDKROOT}/usr/include/libxml2/**";
				IPHONEOS_DEPLOYMENT_TARGET = 6.1;
				OTHER_CFLAGS = "-DNS_BLOCK_ASSERTIONS=1";
				SDKROOT = iphoneos;
				TARGETED_DEVICE_FAMILY = "1,2";
				VALIDATE_PRODUCT = YES;
			};
			name = Release;
		};
		8BA6B86517CE0E6200D90334 /* Debug */ = {
			isa = XCBuildConfiguration;
			buildSettings = {
				CODE_SIGN_IDENTITY = "iPhone Developer";
				"CODE_SIGN_IDENTITY[sdk=iphoneos*]" = "iPhone Developer: Sam Wang (6CZ52642FV)";
				GCC_C_LANGUAGE_STANDARD = c99;
				GCC_PRECOMPILE_PREFIX_HEADER = YES;
				GCC_PREFIX_HEADER = "NetworkHandler/NetworkHandler-Prefix.pch";
				HEADER_SEARCH_PATHS = (
					"$(SRCROOT)/include",
					"${SDKROOT}/usr/include/libxml2/**",
				);
				INFOPLIST_FILE = "NetworkHandler/NetworkHandler-Info.plist";
				LIBRARY_SEARCH_PATHS = (
					"$(SRCROOT)",
					"\"$(SRCROOT)/include\"/**",
					"\"$(SDKROOT)/usr/lib/system\"",
					"$(PROJECT_DIR)",
				);
				ONLY_ACTIVE_ARCH = NO;
				PRODUCT_NAME = "$(TARGET_NAME)";
				PROVISIONING_PROFILE = "e358f5bb-3280-460a-ac38-c39f922cd031";
				WRAPPER_EXTENSION = app;
			};
			name = Debug;
		};
		8BA6B86617CE0E6200D90334 /* Release */ = {
			isa = XCBuildConfiguration;
			buildSettings = {
				CODE_SIGN_IDENTITY = "iPhone Developer";
				"CODE_SIGN_IDENTITY[sdk=iphoneos*]" = "iPhone Developer: Sam Wang (6CZ52642FV)";
				GCC_C_LANGUAGE_STANDARD = c99;
				GCC_PRECOMPILE_PREFIX_HEADER = YES;
				GCC_PREFIX_HEADER = "NetworkHandler/NetworkHandler-Prefix.pch";
				HEADER_SEARCH_PATHS = (
					"$(SRCROOT)/include",
					"${SDKROOT}/usr/include/libxml2/**",
				);
				INFOPLIST_FILE = "NetworkHandler/NetworkHandler-Info.plist";
				LIBRARY_SEARCH_PATHS = (
					"$(SRCROOT)",
					"\"$(SRCROOT)/include\"/**",
					"\"$(SDKROOT)/usr/lib/system\"",
					"$(PROJECT_DIR)",
				);
				PRODUCT_NAME = "$(TARGET_NAME)";
				PROVISIONING_PROFILE = "e358f5bb-3280-460a-ac38-c39f922cd031";
				WRAPPER_EXTENSION = app;
			};
			name = Release;
		};
/* End XCBuildConfiguration section */

/* Begin XCConfigurationList section */
		8BA6B82D17CE0E6200D90334 /* Build configuration list for PBXProject "NetworkHandler" */ = {
			isa = XCConfigurationList;
			buildConfigurations = (
				8BA6B86217CE0E6200D90334 /* Debug */,
				8BA6B86317CE0E6200D90334 /* Release */,
			);
			defaultConfigurationIsVisible = 0;
			defaultConfigurationName = Release;
		};
		8BA6B86417CE0E6200D90334 /* Build configuration list for PBXNativeTarget "NetworkHandler" */ = {
			isa = XCConfigurationList;
			buildConfigurations = (
				8BA6B86517CE0E6200D90334 /* Debug */,
				8BA6B86617CE0E6200D90334 /* Release */,
			);
			defaultConfigurationIsVisible = 0;
			defaultConfigurationName = Release;
		};
/* End XCConfigurationList section */
	};
	rootObject = 8BA6B82A17CE0E6200D90334 /* Project object */;
}
